
Microsoft Visual Studio Solution File, Format Version 12.00
# Visual Studio Version 17
VisualStudioVersion = 17.7.34031.279
MinimumVisualStudioVersion = 10.0.40219.1
Project("{2150E333-8FDC-42A3-9474-1A3956D46DE8}") = "OrderProcessing", "OrderProcessing", "{94ACBCFC-B361-4683-B13D-8C2266808161}"
EndProject
Project("{2150E333-8FDC-42A3-9474-1A3956D46DE8}") = "Application", "Application", "{250253EE-CF7B-4D9F-BE3A-36ED85B69B18}"
EndProject
Project("{2150E333-8FDC-42A3-9474-1A3956D46DE8}") = "Domain", "Domain", "{BCE90925-06B0-4612-A8FD-5F8E843E483B}"
EndProject
Project("{2150E333-8FDC-42A3-9474-1A3956D46DE8}") = "Hosts", "Hosts", "{1D2E1A23-72F9-4AA7-A9DA-A05A6C1369A4}"
EndProject
Project("{2150E333-8FDC-42A3-9474-1A3956D46DE8}") = "Infrastructure", "Infrastructure", "{A63E20F6-8003-4C85-91F5-85F1DDFE2EDC}"
EndProject
Project("{2150E333-8FDC-42A3-9474-1A3956D46DE8}") = "Contracts", "Contracts", "{E922A951-BCD1-4222-BB43-5EF6AF5AF88E}"
EndProject
Project("{2150E333-8FDC-42A3-9474-1A3956D46DE8}") = "src", "src", "{15FE34F8-65DA-45D1-B8EE-F7ECC363081F}"
EndProject
Project("{2150E333-8FDC-42A3-9474-1A3956D46DE8}") = "deployment", "deployment", "{F495D37C-2BD0-4533-89A3-5B2F0AC7EBD7}"
EndProject
Project("{2150E333-8FDC-42A3-9474-1A3956D46DE8}") = "HelmCharts", "HelmCharts", "{5111EDC8-466A-4C8C-9548-884EDE74629F}"
EndProject
Project("{2150E333-8FDC-42A3-9474-1A3956D46DE8}") = "Solution Items", "Solution Items", "{5054B436-554A-4817-AA1D-44F11374BD1B}"
	ProjectSection(SolutionItems) = preProject
		..\docker-compose.override.yml = ..\docker-compose.override.yml
		..\docker-compose.yml = ..\docker-compose.yml
		..\README.md = ..\README.md
	EndProjectSection
EndProject
Project("{2150E333-8FDC-42A3-9474-1A3956D46DE8}") = "External", "External", "{58F292DF-23C3-40BD-A86E-7CB25E45F059}"
EndProject
Project("{2150E333-8FDC-42A3-9474-1A3956D46DE8}") = "Application", "Application", "{1E05CF1D-1EF1-4BE0-B61D-E34611A0427F}"
EndProject
Project("{2150E333-8FDC-42A3-9474-1A3956D46DE8}") = "Contracts", "Contracts", "{72860D21-DA96-41D8-B71A-16EEDD362E41}"
EndProject
Project("{2150E333-8FDC-42A3-9474-1A3956D46DE8}") = "Hosts", "Hosts", "{1FD8BEB1-ECDC-41FA-A440-3539FA945EB5}"
EndProject
Project("{2150E333-8FDC-42A3-9474-1A3956D46DE8}") = "Infrastructure", "Infrastructure", "{88D88A98-49B4-4E3A-87AD-F81E6BF986F5}"
EndProject
Project("{FAE04EC0-301F-11D3-BF4B-00C04F79EFBC}") = "OrderServices.Daemon", "OrderServices\Hosts\OrderServices.Daemon\OrderServices.Daemon.csproj", "{DCBEE1AB-4167-4ABE-B556-3C6F51FC5D94}"
EndProject
Project("{2150E333-8FDC-42A3-9474-1A3956D46DE8}") = "Common", "Common", "{7562A990-1964-4E77-88D6-69F0375644AF}"
EndProject
Project("{FAE04EC0-301F-11D3-BF4B-00C04F79EFBC}") = "Common.Contracts", "Common\Common.Contracts\Common.Contracts.csproj", "{31D5975A-84A7-4215-A302-B412D82D23DF}"
EndProject
Project("{FAE04EC0-301F-11D3-BF4B-00C04F79EFBC}") = "OrderApi", "OrderApi\OrderApi.csproj", "{51D52C2B-EA0E-4764-BD16-3F95E65F1631}"
EndProject
Project("{FAE04EC0-301F-11D3-BF4B-00C04F79EFBC}") = "OrderProcessor", "OrderProcessor\OrderProcessor.csproj", "{DD81E429-7239-4015-88E7-FAD02F935EAB}"
EndProject
Project("{FAE04EC0-301F-11D3-BF4B-00C04F79EFBC}") = "External.AppServices", "External\Application\External.AppServices\External.AppServices.csproj", "{1F5B6C0C-1E36-4B8B-BB02-3FED77D789D6}"
EndProject
Project("{FAE04EC0-301F-11D3-BF4B-00C04F79EFBC}") = "External.Contracts", "External\Contracts\External.Contracts\External.Contracts.csproj", "{6F3CFE30-EE58-441E-AFF6-1BA23DE873AB}"
EndProject
Project("{FAE04EC0-301F-11D3-BF4B-00C04F79EFBC}") = "External.Api", "External\Hosts\External.Api\External.Api.csproj", "{618A05F5-2B9A-402C-B3BF-7774E44E470E}"
EndProject
Project("{FAE04EC0-301F-11D3-BF4B-00C04F79EFBC}") = "External.Infrastructure", "External\Infrastructure\External.DataAccess\External.Infrastructure.csproj", "{D094C126-47F3-46FD-8263-B05964422BB6}"
EndProject
Project("{FAE04EC0-301F-11D3-BF4B-00C04F79EFBC}") = "OrderProcessing.AppServices", "Order\Application\Order.AppServices\OrderProcessing.AppServices.csproj", "{AC8A5D87-0528-4698-9230-A159FF8D50A3}"
EndProject
Project("{FAE04EC0-301F-11D3-BF4B-00C04F79EFBC}") = "OrderProcessing.Contracts", "Order\Contracts\Order.Contracts\OrderProcessing.Contracts.csproj", "{EA512D0E-5A41-44F0-A6EF-DE2552D0697F}"
EndProject
Project("{FAE04EC0-301F-11D3-BF4B-00C04F79EFBC}") = "OrderProcessing.Domain", "Order\Domain\Order.Domain\OrderProcessing.Domain.csproj", "{6D22EA5F-9349-4A7A-AD9A-8AD0A034291F}"
EndProject
Project("{FAE04EC0-301F-11D3-BF4B-00C04F79EFBC}") = "OrderProcessing.Api", "Order\Hosts\Order.Api\OrderProcessing.Api.csproj", "{D26D3A6A-8117-4E42-895B-5D6D01C31F9D}"
EndProject
Project("{FAE04EC0-301F-11D3-BF4B-00C04F79EFBC}") = "OrderProcessing.DataAccess", "Order\Infrastructure\Order.DataAccess\OrderProcessing.DataAccess.csproj", "{C85D9024-6524-422F-9AB1-4A5D0CC7F960}"
EndProject
Project("{FAE04EC0-301F-11D3-BF4B-00C04F79EFBC}") = "OrderProcessing.ComponentRegistrar", "Order\Infrastructure\Order.ComponentRegistrar\OrderProcessing.ComponentRegistrar.csproj", "{163B7C81-D6C6-48CB-9DBB-A8BFBA3FB59C}"
EndProject
Project("{2150E333-8FDC-42A3-9474-1A3956D46DE8}") = "tests", "tests", "{6A2954F8-6D3D-46F8-BCD2-4DD05053F1FB}"
	ProjectSection(SolutionItems) = preProject
		..\tests\find_max_rps.js = ..\tests\find_max_rps.js
		..\tests\max_rps_test.js = ..\tests\max_rps_test.js
		..\tests\order-api-test.js = ..\tests\order-api-test.js
		..\tests\orders.json = ..\tests\orders.json
		..\tests\payload.json = ..\tests\payload.json
	EndProjectSection
EndProject
Global
	GlobalSection(SolutionConfigurationPlatforms) = preSolution
		Debug|Any CPU = Debug|Any CPU
		Release|Any CPU = Release|Any CPU
	EndGlobalSection
	GlobalSection(ProjectConfigurationPlatforms) = postSolution
		{DCBEE1AB-4167-4ABE-B556-3C6F51FC5D94}.Debug|Any CPU.ActiveCfg = Debug|Any CPU
		{DCBEE1AB-4167-4ABE-B556-3C6F51FC5D94}.Debug|Any CPU.Build.0 = Debug|Any CPU
		{DCBEE1AB-4167-4ABE-B556-3C6F51FC5D94}.Release|Any CPU.ActiveCfg = Release|Any CPU
		{DCBEE1AB-4167-4ABE-B556-3C6F51FC5D94}.Release|Any CPU.Build.0 = Release|Any CPU
		{31D5975A-84A7-4215-A302-B412D82D23DF}.Debug|Any CPU.ActiveCfg = Debug|Any CPU
		{31D5975A-84A7-4215-A302-B412D82D23DF}.Debug|Any CPU.Build.0 = Debug|Any CPU
		{31D5975A-84A7-4215-A302-B412D82D23DF}.Release|Any CPU.ActiveCfg = Release|Any CPU
		{31D5975A-84A7-4215-A302-B412D82D23DF}.Release|Any CPU.Build.0 = Release|Any CPU
		{51D52C2B-EA0E-4764-BD16-3F95E65F1631}.Debug|Any CPU.ActiveCfg = Debug|Any CPU
		{51D52C2B-EA0E-4764-BD16-3F95E65F1631}.Debug|Any CPU.Build.0 = Debug|Any CPU
		{51D52C2B-EA0E-4764-BD16-3F95E65F1631}.Release|Any CPU.ActiveCfg = Release|Any CPU
		{51D52C2B-EA0E-4764-BD16-3F95E65F1631}.Release|Any CPU.Build.0 = Release|Any CPU
		{DD81E429-7239-4015-88E7-FAD02F935EAB}.Debug|Any CPU.ActiveCfg = Debug|Any CPU
		{DD81E429-7239-4015-88E7-FAD02F935EAB}.Debug|Any CPU.Build.0 = Debug|Any CPU
		{DD81E429-7239-4015-88E7-FAD02F935EAB}.Release|Any CPU.ActiveCfg = Release|Any CPU
		{DD81E429-7239-4015-88E7-FAD02F935EAB}.Release|Any CPU.Build.0 = Release|Any CPU
		{1F5B6C0C-1E36-4B8B-BB02-3FED77D789D6}.Debug|Any CPU.ActiveCfg = Debug|Any CPU
		{1F5B6C0C-1E36-4B8B-BB02-3FED77D789D6}.Debug|Any CPU.Build.0 = Debug|Any CPU
		{1F5B6C0C-1E36-4B8B-BB02-3FED77D789D6}.Release|Any CPU.ActiveCfg = Release|Any CPU
		{1F5B6C0C-1E36-4B8B-BB02-3FED77D789D6}.Release|Any CPU.Build.0 = Release|Any CPU
		{6F3CFE30-EE58-441E-AFF6-1BA23DE873AB}.Debug|Any CPU.ActiveCfg = Debug|Any CPU
		{6F3CFE30-EE58-441E-AFF6-1BA23DE873AB}.Debug|Any CPU.Build.0 = Debug|Any CPU
		{6F3CFE30-EE58-441E-AFF6-1BA23DE873AB}.Release|Any CPU.ActiveCfg = Release|Any CPU
		{6F3CFE30-EE58-441E-AFF6-1BA23DE873AB}.Release|Any CPU.Build.0 = Release|Any CPU
		{618A05F5-2B9A-402C-B3BF-7774E44E470E}.Debug|Any CPU.ActiveCfg = Debug|Any CPU
		{618A05F5-2B9A-402C-B3BF-7774E44E470E}.Debug|Any CPU.Build.0 = Debug|Any CPU
		{618A05F5-2B9A-402C-B3BF-7774E44E470E}.Release|Any CPU.ActiveCfg = Release|Any CPU
		{618A05F5-2B9A-402C-B3BF-7774E44E470E}.Release|Any CPU.Build.0 = Release|Any CPU
		{D094C126-47F3-46FD-8263-B05964422BB6}.Debug|Any CPU.ActiveCfg = Debug|Any CPU
		{D094C126-47F3-46FD-8263-B05964422BB6}.Debug|Any CPU.Build.0 = Debug|Any CPU
		{D094C126-47F3-46FD-8263-B05964422BB6}.Release|Any CPU.ActiveCfg = Release|Any CPU
		{D094C126-47F3-46FD-8263-B05964422BB6}.Release|Any CPU.Build.0 = Release|Any CPU
		{AC8A5D87-0528-4698-9230-A159FF8D50A3}.Debug|Any CPU.ActiveCfg = Debug|Any CPU
		{AC8A5D87-0528-4698-9230-A159FF8D50A3}.Debug|Any CPU.Build.0 = Debug|Any CPU
		{AC8A5D87-0528-4698-9230-A159FF8D50A3}.Release|Any CPU.ActiveCfg = Release|Any CPU
		{AC8A5D87-0528-4698-9230-A159FF8D50A3}.Release|Any CPU.Build.0 = Release|Any CPU
		{EA512D0E-5A41-44F0-A6EF-DE2552D0697F}.Debug|Any CPU.ActiveCfg = Debug|Any CPU
		{EA512D0E-5A41-44F0-A6EF-DE2552D0697F}.Debug|Any CPU.Build.0 = Debug|Any CPU
		{EA512D0E-5A41-44F0-A6EF-DE2552D0697F}.Release|Any CPU.ActiveCfg = Release|Any CPU
		{EA512D0E-5A41-44F0-A6EF-DE2552D0697F}.Release|Any CPU.Build.0 = Release|Any CPU
		{6D22EA5F-9349-4A7A-AD9A-8AD0A034291F}.Debug|Any CPU.ActiveCfg = Debug|Any CPU
		{6D22EA5F-9349-4A7A-AD9A-8AD0A034291F}.Debug|Any CPU.Build.0 = Debug|Any CPU
		{6D22EA5F-9349-4A7A-AD9A-8AD0A034291F}.Release|Any CPU.ActiveCfg = Release|Any CPU
		{6D22EA5F-9349-4A7A-AD9A-8AD0A034291F}.Release|Any CPU.Build.0 = Release|Any CPU
		{D26D3A6A-8117-4E42-895B-5D6D01C31F9D}.Debug|Any CPU.ActiveCfg = Debug|Any CPU
		{D26D3A6A-8117-4E42-895B-5D6D01C31F9D}.Debug|Any CPU.Build.0 = Debug|Any CPU
		{D26D3A6A-8117-4E42-895B-5D6D01C31F9D}.Release|Any CPU.ActiveCfg = Release|Any CPU
		{D26D3A6A-8117-4E42-895B-5D6D01C31F9D}.Release|Any CPU.Build.0 = Release|Any CPU
		{C85D9024-6524-422F-9AB1-4A5D0CC7F960}.Debug|Any CPU.ActiveCfg = Debug|Any CPU
		{C85D9024-6524-422F-9AB1-4A5D0CC7F960}.Debug|Any CPU.Build.0 = Debug|Any CPU
		{C85D9024-6524-422F-9AB1-4A5D0CC7F960}.Release|Any CPU.ActiveCfg = Release|Any CPU
		{C85D9024-6524-422F-9AB1-4A5D0CC7F960}.Release|Any CPU.Build.0 = Release|Any CPU
		{163B7C81-D6C6-48CB-9DBB-A8BFBA3FB59C}.Debug|Any CPU.ActiveCfg = Debug|Any CPU
		{163B7C81-D6C6-48CB-9DBB-A8BFBA3FB59C}.Debug|Any CPU.Build.0 = Debug|Any CPU
		{163B7C81-D6C6-48CB-9DBB-A8BFBA3FB59C}.Release|Any CPU.ActiveCfg = Release|Any CPU
		{163B7C81-D6C6-48CB-9DBB-A8BFBA3FB59C}.Release|Any CPU.Build.0 = Release|Any CPU
	EndGlobalSection
	GlobalSection(SolutionProperties) = preSolution
		HideSolutionNode = FALSE
	EndGlobalSection
	GlobalSection(NestedProjects) = preSolution
		{94ACBCFC-B361-4683-B13D-8C2266808161} = {15FE34F8-65DA-45D1-B8EE-F7ECC363081F}
		{250253EE-CF7B-4D9F-BE3A-36ED85B69B18} = {94ACBCFC-B361-4683-B13D-8C2266808161}
		{BCE90925-06B0-4612-A8FD-5F8E843E483B} = {94ACBCFC-B361-4683-B13D-8C2266808161}
		{1D2E1A23-72F9-4AA7-A9DA-A05A6C1369A4} = {94ACBCFC-B361-4683-B13D-8C2266808161}
		{A63E20F6-8003-4C85-91F5-85F1DDFE2EDC} = {94ACBCFC-B361-4683-B13D-8C2266808161}
		{E922A951-BCD1-4222-BB43-5EF6AF5AF88E} = {94ACBCFC-B361-4683-B13D-8C2266808161}
		{5111EDC8-466A-4C8C-9548-884EDE74629F} = {F495D37C-2BD0-4533-89A3-5B2F0AC7EBD7}
		{58F292DF-23C3-40BD-A86E-7CB25E45F059} = {15FE34F8-65DA-45D1-B8EE-F7ECC363081F}
		{1E05CF1D-1EF1-4BE0-B61D-E34611A0427F} = {58F292DF-23C3-40BD-A86E-7CB25E45F059}
		{72860D21-DA96-41D8-B71A-16EEDD362E41} = {58F292DF-23C3-40BD-A86E-7CB25E45F059}
		{1FD8BEB1-ECDC-41FA-A440-3539FA945EB5} = {58F292DF-23C3-40BD-A86E-7CB25E45F059}
		{88D88A98-49B4-4E3A-87AD-F81E6BF986F5} = {58F292DF-23C3-40BD-A86E-7CB25E45F059}
		{DCBEE1AB-4167-4ABE-B556-3C6F51FC5D94} = {1D2E1A23-72F9-4AA7-A9DA-A05A6C1369A4}
		{7562A990-1964-4E77-88D6-69F0375644AF} = {15FE34F8-65DA-45D1-B8EE-F7ECC363081F}
		{31D5975A-84A7-4215-A302-B412D82D23DF} = {7562A990-1964-4E77-88D6-69F0375644AF}
		{51D52C2B-EA0E-4764-BD16-3F95E65F1631} = {15FE34F8-65DA-45D1-B8EE-F7ECC363081F}
		{DD81E429-7239-4015-88E7-FAD02F935EAB} = {15FE34F8-65DA-45D1-B8EE-F7ECC363081F}
		{1F5B6C0C-1E36-4B8B-BB02-3FED77D789D6} = {1E05CF1D-1EF1-4BE0-B61D-E34611A0427F}
		{6F3CFE30-EE58-441E-AFF6-1BA23DE873AB} = {72860D21-DA96-41D8-B71A-16EEDD362E41}
		{618A05F5-2B9A-402C-B3BF-7774E44E470E} = {1FD8BEB1-ECDC-41FA-A440-3539FA945EB5}
		{D094C126-47F3-46FD-8263-B05964422BB6} = {88D88A98-49B4-4E3A-87AD-F81E6BF986F5}
		{AC8A5D87-0528-4698-9230-A159FF8D50A3} = {250253EE-CF7B-4D9F-BE3A-36ED85B69B18}
		{EA512D0E-5A41-44F0-A6EF-DE2552D0697F} = {E922A951-BCD1-4222-BB43-5EF6AF5AF88E}
		{6D22EA5F-9349-4A7A-AD9A-8AD0A034291F} = {BCE90925-06B0-4612-A8FD-5F8E843E483B}
		{D26D3A6A-8117-4E42-895B-5D6D01C31F9D} = {1D2E1A23-72F9-4AA7-A9DA-A05A6C1369A4}
		{C85D9024-6524-422F-9AB1-4A5D0CC7F960} = {A63E20F6-8003-4C85-91F5-85F1DDFE2EDC}
		{163B7C81-D6C6-48CB-9DBB-A8BFBA3FB59C} = {A63E20F6-8003-4C85-91F5-85F1DDFE2EDC}
	EndGlobalSection
	GlobalSection(ExtensibilityGlobals) = postSolution
		SolutionGuid = {40E7EB25-E339-4D9A-B62A-AF68944958CD}
	EndGlobalSection
EndGlobal
