
Microsoft Visual Studio Solution File, Format Version 12.00
# Visual Studio Version 17
VisualStudioVersion = 17.7.34031.279
MinimumVisualStudioVersion = 10.0.40219.1
Project("{2150E333-8FDC-42A3-9474-1A3956D46DE8}") = "OrderServices", "OrderServices", "{94ACBCFC-B361-4683-B13D-8C2266808161}"
EndProject
Project("{2150E333-8FDC-42A3-9474-1A3956D46DE8}") = "Application", "Application", "{250253EE-CF7B-4D9F-BE3A-36ED85B69B18}"
EndProject
Project("{2150E333-8FDC-42A3-9474-1A3956D46DE8}") = "Domain", "Domain", "{BCE90925-06B0-4612-A8FD-5F8E843E483B}"
EndProject
Project("{2150E333-8FDC-42A3-9474-1A3956D46DE8}") = "Hosts", "Hosts", "{1D2E1A23-72F9-4AA7-A9DA-A05A6C1369A4}"
EndProject
Project("{2150E333-8FDC-42A3-9474-1A3956D46DE8}") = "Infrastructure", "Infrastructure", "{A63E20F6-8003-4C85-91F5-85F1DDFE2EDC}"
EndProject
Project("{2150E333-8FDC-42A3-9474-1A3956D46DE8}") = "Contracts", "Contracts", "{E922A951-BCD1-4222-BB43-5EF6AF5AF88E}"
EndProject
Project("{2150E333-8FDC-42A3-9474-1A3956D46DE8}") = "Clients", "Clients", "{CDCE6807-783D-4F89-A0E4-9854536A5CC2}"
EndProject
Project("{2150E333-8FDC-42A3-9474-1A3956D46DE8}") = "src", "src", "{15FE34F8-65DA-45D1-B8EE-F7ECC363081F}"
EndProject
Project("{2150E333-8FDC-42A3-9474-1A3956D46DE8}") = "deployment", "deployment", "{F495D37C-2BD0-4533-89A3-5B2F0AC7EBD7}"
EndProject
Project("{2150E333-8FDC-42A3-9474-1A3956D46DE8}") = "HelmCharts", "HelmCharts", "{5111EDC8-466A-4C8C-9548-884EDE74629F}"
EndProject
Project("{2150E333-8FDC-42A3-9474-1A3956D46DE8}") = "Solution Items", "Solution Items", "{5054B436-554A-4817-AA1D-44F11374BD1B}"
	ProjectSection(SolutionItems) = preProject
		..\docker-compose.override.yml = ..\docker-compose.override.yml
		..\docker-compose.yml = ..\docker-compose.yml
	EndProjectSection
EndProject
Project("{2150E333-8FDC-42A3-9474-1A3956D46DE8}") = "ExternalServices", "ExternalServices", "{58F292DF-23C3-40BD-A86E-7CB25E45F059}"
EndProject
Project("{FAE04EC0-301F-11D3-BF4B-00C04F79EFBC}") = "OrderServices.AppServices", "OrderServices\Application\OrderServices.AppServices\OrderServices.AppServices.csproj", "{ABC8E3D6-58F8-415B-B97B-FFE7641432A1}"
EndProject
Project("{FAE04EC0-301F-11D3-BF4B-00C04F79EFBC}") = "OrderServices.ApiClient", "OrderServices\Clients\OrderServices.ApiClient\OrderServices.ApiClient.csproj", "{79C08531-859C-477E-87C5-79BB74C42535}"
EndProject
Project("{FAE04EC0-301F-11D3-BF4B-00C04F79EFBC}") = "OrderServices.Contracts", "OrderServices\Contracts\OrderServices.Contracts\OrderServices.Contracts.csproj", "{D7BE0734-3F52-41F1-8B61-3B82C6873E4E}"
EndProject
Project("{FAE04EC0-301F-11D3-BF4B-00C04F79EFBC}") = "OrderServices.Domain", "OrderServices\Domain\OrderServices.Domain\OrderServices.Domain.csproj", "{85B96EC6-DF3C-4FC7-A6FB-532E65456103}"
EndProject
Project("{FAE04EC0-301F-11D3-BF4B-00C04F79EFBC}") = "OrderServices.Api", "OrderServices\Hosts\OrderServices.Api\OrderServices.Api.csproj", "{6940F599-BFEF-43A1-86FA-B22EDCF75A19}"
EndProject
Project("{FAE04EC0-301F-11D3-BF4B-00C04F79EFBC}") = "OrderServices.ComponentRegistrar", "OrderServices\Infrastructure\OrderServices.ComponentRegistrar\OrderServices.ComponentRegistrar.csproj", "{88384A9F-FD9E-44E1-87F8-0F233FE86E2A}"
EndProject
Project("{FAE04EC0-301F-11D3-BF4B-00C04F79EFBC}") = "OrderServices.DataAccess", "OrderServices\Infrastructure\OrderServices.DataAccess\OrderServices.DataAccess.csproj", "{E112619B-D589-49FF-A031-C4989553CFBC}"
EndProject
Project("{2150E333-8FDC-42A3-9474-1A3956D46DE8}") = "Application", "Application", "{1E05CF1D-1EF1-4BE0-B61D-E34611A0427F}"
EndProject
Project("{2150E333-8FDC-42A3-9474-1A3956D46DE8}") = "Clients", "Clients", "{B65E0892-B36A-4D9B-AA5D-921C4D9C81D8}"
	ProjectSection(SolutionItems) = preProject
		ExternalServices\Application\ExternalServices.AppServices\Services\KafkaEventService.cs = ExternalServices\Application\ExternalServices.AppServices\Services\KafkaEventService.cs
	EndProjectSection
EndProject
Project("{2150E333-8FDC-42A3-9474-1A3956D46DE8}") = "Contracts", "Contracts", "{72860D21-DA96-41D8-B71A-16EEDD362E41}"
EndProject
Project("{2150E333-8FDC-42A3-9474-1A3956D46DE8}") = "Domain", "Domain", "{B3F80F89-B10E-4057-8F25-BDAAAFCAF4C0}"
EndProject
Project("{2150E333-8FDC-42A3-9474-1A3956D46DE8}") = "Hosts", "Hosts", "{1FD8BEB1-ECDC-41FA-A440-3539FA945EB5}"
EndProject
Project("{2150E333-8FDC-42A3-9474-1A3956D46DE8}") = "Infrastructure", "Infrastructure", "{88D88A98-49B4-4E3A-87AD-F81E6BF986F5}"
EndProject
Project("{FAE04EC0-301F-11D3-BF4B-00C04F79EFBC}") = "ExternalServices.AppServices", "ExternalServices\Application\ExternalServices.AppServices\ExternalServices.AppServices.csproj", "{33BCC030-B1CF-4C5A-92EB-BB09DB75DC3D}"
EndProject
Project("{FAE04EC0-301F-11D3-BF4B-00C04F79EFBC}") = "ExternalServices.ApiClient", "ExternalServices\Clients\ExternalServices.ApiClient\ExternalServices.ApiClient.csproj", "{84D9D837-309A-4E7C-AEF8-6F925EC5461B}"
EndProject
Project("{FAE04EC0-301F-11D3-BF4B-00C04F79EFBC}") = "ExternalServices.Domain", "ExternalServices\Domain\ExternalServices.Domain\ExternalServices.Domain.csproj", "{26355E90-9D1B-411C-A272-E4E988D8A4F1}"
EndProject
Project("{FAE04EC0-301F-11D3-BF4B-00C04F79EFBC}") = "ExternalServices.RestApi", "ExternalServices\Hosts\ExternalServices.Api\ExternalServices.RestApi.csproj", "{5049EC85-7794-47B2-B343-E4EFA39C05E8}"
EndProject
Project("{FAE04EC0-301F-11D3-BF4B-00C04F79EFBC}") = "ExternalServices.ComponentRegistrar", "ExternalServices\Infrastructure\ExternalServices.ComponentRegistrar\ExternalServices.ComponentRegistrar.csproj", "{19FB242A-2FDC-458E-9CA8-853D86E25FCA}"
EndProject
Project("{FAE04EC0-301F-11D3-BF4B-00C04F79EFBC}") = "ExternalServices.Contracts", "ExternalServices\Contracts\ExternalServices.Contracts\ExternalServices.Contracts.csproj", "{4BC470CD-F263-4A85-9843-F5B8B9D9EC8E}"
EndProject
Project("{FAE04EC0-301F-11D3-BF4B-00C04F79EFBC}") = "ExternalServices.Gateway", "ExternalServices\ExternalServices.Gateway\ExternalServices.Gateway.csproj", "{AD8FA85B-3F69-4EA3-99BF-44F8DB70A67A}"
EndProject
Project("{FAE04EC0-301F-11D3-BF4B-00C04F79EFBC}") = "OrderServices.Daemon", "OrderServices\Hosts\OrderServices.Daemon\OrderServices.Daemon.csproj", "{DCBEE1AB-4167-4ABE-B556-3C6F51FC5D94}"
EndProject
Project("{2150E333-8FDC-42A3-9474-1A3956D46DE8}") = "Common", "Common", "{7562A990-1964-4E77-88D6-69F0375644AF}"
EndProject
Project("{FAE04EC0-301F-11D3-BF4B-00C04F79EFBC}") = "Common.Contracts", "Common\Common.Contracts\Common.Contracts.csproj", "{31D5975A-84A7-4215-A302-B412D82D23DF}"
EndProject
Global
	GlobalSection(SolutionConfigurationPlatforms) = preSolution
		Debug|Any CPU = Debug|Any CPU
		Release|Any CPU = Release|Any CPU
	EndGlobalSection
	GlobalSection(ProjectConfigurationPlatforms) = postSolution
		{ABC8E3D6-58F8-415B-B97B-FFE7641432A1}.Debug|Any CPU.ActiveCfg = Debug|Any CPU
		{ABC8E3D6-58F8-415B-B97B-FFE7641432A1}.Debug|Any CPU.Build.0 = Debug|Any CPU
		{ABC8E3D6-58F8-415B-B97B-FFE7641432A1}.Release|Any CPU.ActiveCfg = Release|Any CPU
		{ABC8E3D6-58F8-415B-B97B-FFE7641432A1}.Release|Any CPU.Build.0 = Release|Any CPU
		{79C08531-859C-477E-87C5-79BB74C42535}.Debug|Any CPU.ActiveCfg = Debug|Any CPU
		{79C08531-859C-477E-87C5-79BB74C42535}.Debug|Any CPU.Build.0 = Debug|Any CPU
		{79C08531-859C-477E-87C5-79BB74C42535}.Release|Any CPU.ActiveCfg = Release|Any CPU
		{79C08531-859C-477E-87C5-79BB74C42535}.Release|Any CPU.Build.0 = Release|Any CPU
		{D7BE0734-3F52-41F1-8B61-3B82C6873E4E}.Debug|Any CPU.ActiveCfg = Debug|Any CPU
		{D7BE0734-3F52-41F1-8B61-3B82C6873E4E}.Debug|Any CPU.Build.0 = Debug|Any CPU
		{D7BE0734-3F52-41F1-8B61-3B82C6873E4E}.Release|Any CPU.ActiveCfg = Release|Any CPU
		{D7BE0734-3F52-41F1-8B61-3B82C6873E4E}.Release|Any CPU.Build.0 = Release|Any CPU
		{85B96EC6-DF3C-4FC7-A6FB-532E65456103}.Debug|Any CPU.ActiveCfg = Debug|Any CPU
		{85B96EC6-DF3C-4FC7-A6FB-532E65456103}.Debug|Any CPU.Build.0 = Debug|Any CPU
		{85B96EC6-DF3C-4FC7-A6FB-532E65456103}.Release|Any CPU.ActiveCfg = Release|Any CPU
		{85B96EC6-DF3C-4FC7-A6FB-532E65456103}.Release|Any CPU.Build.0 = Release|Any CPU
		{6940F599-BFEF-43A1-86FA-B22EDCF75A19}.Debug|Any CPU.ActiveCfg = Debug|Any CPU
		{6940F599-BFEF-43A1-86FA-B22EDCF75A19}.Debug|Any CPU.Build.0 = Debug|Any CPU
		{6940F599-BFEF-43A1-86FA-B22EDCF75A19}.Release|Any CPU.ActiveCfg = Release|Any CPU
		{6940F599-BFEF-43A1-86FA-B22EDCF75A19}.Release|Any CPU.Build.0 = Release|Any CPU
		{88384A9F-FD9E-44E1-87F8-0F233FE86E2A}.Debug|Any CPU.ActiveCfg = Debug|Any CPU
		{88384A9F-FD9E-44E1-87F8-0F233FE86E2A}.Debug|Any CPU.Build.0 = Debug|Any CPU
		{88384A9F-FD9E-44E1-87F8-0F233FE86E2A}.Release|Any CPU.ActiveCfg = Release|Any CPU
		{88384A9F-FD9E-44E1-87F8-0F233FE86E2A}.Release|Any CPU.Build.0 = Release|Any CPU
		{E112619B-D589-49FF-A031-C4989553CFBC}.Debug|Any CPU.ActiveCfg = Debug|Any CPU
		{E112619B-D589-49FF-A031-C4989553CFBC}.Debug|Any CPU.Build.0 = Debug|Any CPU
		{E112619B-D589-49FF-A031-C4989553CFBC}.Release|Any CPU.ActiveCfg = Release|Any CPU
		{E112619B-D589-49FF-A031-C4989553CFBC}.Release|Any CPU.Build.0 = Release|Any CPU
		{33BCC030-B1CF-4C5A-92EB-BB09DB75DC3D}.Debug|Any CPU.ActiveCfg = Debug|Any CPU
		{33BCC030-B1CF-4C5A-92EB-BB09DB75DC3D}.Debug|Any CPU.Build.0 = Debug|Any CPU
		{33BCC030-B1CF-4C5A-92EB-BB09DB75DC3D}.Release|Any CPU.ActiveCfg = Release|Any CPU
		{33BCC030-B1CF-4C5A-92EB-BB09DB75DC3D}.Release|Any CPU.Build.0 = Release|Any CPU
		{84D9D837-309A-4E7C-AEF8-6F925EC5461B}.Debug|Any CPU.ActiveCfg = Debug|Any CPU
		{84D9D837-309A-4E7C-AEF8-6F925EC5461B}.Debug|Any CPU.Build.0 = Debug|Any CPU
		{84D9D837-309A-4E7C-AEF8-6F925EC5461B}.Release|Any CPU.ActiveCfg = Release|Any CPU
		{84D9D837-309A-4E7C-AEF8-6F925EC5461B}.Release|Any CPU.Build.0 = Release|Any CPU
		{26355E90-9D1B-411C-A272-E4E988D8A4F1}.Debug|Any CPU.ActiveCfg = Debug|Any CPU
		{26355E90-9D1B-411C-A272-E4E988D8A4F1}.Debug|Any CPU.Build.0 = Debug|Any CPU
		{26355E90-9D1B-411C-A272-E4E988D8A4F1}.Release|Any CPU.ActiveCfg = Release|Any CPU
		{26355E90-9D1B-411C-A272-E4E988D8A4F1}.Release|Any CPU.Build.0 = Release|Any CPU
		{5049EC85-7794-47B2-B343-E4EFA39C05E8}.Debug|Any CPU.ActiveCfg = Debug|Any CPU
		{5049EC85-7794-47B2-B343-E4EFA39C05E8}.Debug|Any CPU.Build.0 = Debug|Any CPU
		{5049EC85-7794-47B2-B343-E4EFA39C05E8}.Release|Any CPU.ActiveCfg = Release|Any CPU
		{5049EC85-7794-47B2-B343-E4EFA39C05E8}.Release|Any CPU.Build.0 = Release|Any CPU
		{19FB242A-2FDC-458E-9CA8-853D86E25FCA}.Debug|Any CPU.ActiveCfg = Debug|Any CPU
		{19FB242A-2FDC-458E-9CA8-853D86E25FCA}.Debug|Any CPU.Build.0 = Debug|Any CPU
		{19FB242A-2FDC-458E-9CA8-853D86E25FCA}.Release|Any CPU.ActiveCfg = Release|Any CPU
		{19FB242A-2FDC-458E-9CA8-853D86E25FCA}.Release|Any CPU.Build.0 = Release|Any CPU
		{4BC470CD-F263-4A85-9843-F5B8B9D9EC8E}.Debug|Any CPU.ActiveCfg = Debug|Any CPU
		{4BC470CD-F263-4A85-9843-F5B8B9D9EC8E}.Debug|Any CPU.Build.0 = Debug|Any CPU
		{4BC470CD-F263-4A85-9843-F5B8B9D9EC8E}.Release|Any CPU.ActiveCfg = Release|Any CPU
		{4BC470CD-F263-4A85-9843-F5B8B9D9EC8E}.Release|Any CPU.Build.0 = Release|Any CPU
		{AD8FA85B-3F69-4EA3-99BF-44F8DB70A67A}.Debug|Any CPU.ActiveCfg = Debug|Any CPU
		{AD8FA85B-3F69-4EA3-99BF-44F8DB70A67A}.Debug|Any CPU.Build.0 = Debug|Any CPU
		{AD8FA85B-3F69-4EA3-99BF-44F8DB70A67A}.Release|Any CPU.ActiveCfg = Release|Any CPU
		{AD8FA85B-3F69-4EA3-99BF-44F8DB70A67A}.Release|Any CPU.Build.0 = Release|Any CPU
		{DCBEE1AB-4167-4ABE-B556-3C6F51FC5D94}.Debug|Any CPU.ActiveCfg = Debug|Any CPU
		{DCBEE1AB-4167-4ABE-B556-3C6F51FC5D94}.Debug|Any CPU.Build.0 = Debug|Any CPU
		{DCBEE1AB-4167-4ABE-B556-3C6F51FC5D94}.Release|Any CPU.ActiveCfg = Release|Any CPU
		{DCBEE1AB-4167-4ABE-B556-3C6F51FC5D94}.Release|Any CPU.Build.0 = Release|Any CPU
		{31D5975A-84A7-4215-A302-B412D82D23DF}.Debug|Any CPU.ActiveCfg = Debug|Any CPU
		{31D5975A-84A7-4215-A302-B412D82D23DF}.Debug|Any CPU.Build.0 = Debug|Any CPU
		{31D5975A-84A7-4215-A302-B412D82D23DF}.Release|Any CPU.ActiveCfg = Release|Any CPU
		{31D5975A-84A7-4215-A302-B412D82D23DF}.Release|Any CPU.Build.0 = Release|Any CPU
	EndGlobalSection
	GlobalSection(SolutionProperties) = preSolution
		HideSolutionNode = FALSE
	EndGlobalSection
	GlobalSection(NestedProjects) = preSolution
		{94ACBCFC-B361-4683-B13D-8C2266808161} = {15FE34F8-65DA-45D1-B8EE-F7ECC363081F}
		{250253EE-CF7B-4D9F-BE3A-36ED85B69B18} = {94ACBCFC-B361-4683-B13D-8C2266808161}
		{BCE90925-06B0-4612-A8FD-5F8E843E483B} = {94ACBCFC-B361-4683-B13D-8C2266808161}
		{1D2E1A23-72F9-4AA7-A9DA-A05A6C1369A4} = {94ACBCFC-B361-4683-B13D-8C2266808161}
		{A63E20F6-8003-4C85-91F5-85F1DDFE2EDC} = {94ACBCFC-B361-4683-B13D-8C2266808161}
		{E922A951-BCD1-4222-BB43-5EF6AF5AF88E} = {94ACBCFC-B361-4683-B13D-8C2266808161}
		{CDCE6807-783D-4F89-A0E4-9854536A5CC2} = {94ACBCFC-B361-4683-B13D-8C2266808161}
		{5111EDC8-466A-4C8C-9548-884EDE74629F} = {F495D37C-2BD0-4533-89A3-5B2F0AC7EBD7}
		{58F292DF-23C3-40BD-A86E-7CB25E45F059} = {15FE34F8-65DA-45D1-B8EE-F7ECC363081F}
		{ABC8E3D6-58F8-415B-B97B-FFE7641432A1} = {250253EE-CF7B-4D9F-BE3A-36ED85B69B18}
		{79C08531-859C-477E-87C5-79BB74C42535} = {CDCE6807-783D-4F89-A0E4-9854536A5CC2}
		{D7BE0734-3F52-41F1-8B61-3B82C6873E4E} = {E922A951-BCD1-4222-BB43-5EF6AF5AF88E}
		{85B96EC6-DF3C-4FC7-A6FB-532E65456103} = {BCE90925-06B0-4612-A8FD-5F8E843E483B}
		{6940F599-BFEF-43A1-86FA-B22EDCF75A19} = {1D2E1A23-72F9-4AA7-A9DA-A05A6C1369A4}
		{88384A9F-FD9E-44E1-87F8-0F233FE86E2A} = {A63E20F6-8003-4C85-91F5-85F1DDFE2EDC}
		{E112619B-D589-49FF-A031-C4989553CFBC} = {A63E20F6-8003-4C85-91F5-85F1DDFE2EDC}
		{1E05CF1D-1EF1-4BE0-B61D-E34611A0427F} = {58F292DF-23C3-40BD-A86E-7CB25E45F059}
		{B65E0892-B36A-4D9B-AA5D-921C4D9C81D8} = {58F292DF-23C3-40BD-A86E-7CB25E45F059}
		{72860D21-DA96-41D8-B71A-16EEDD362E41} = {58F292DF-23C3-40BD-A86E-7CB25E45F059}
		{B3F80F89-B10E-4057-8F25-BDAAAFCAF4C0} = {58F292DF-23C3-40BD-A86E-7CB25E45F059}
		{1FD8BEB1-ECDC-41FA-A440-3539FA945EB5} = {58F292DF-23C3-40BD-A86E-7CB25E45F059}
		{88D88A98-49B4-4E3A-87AD-F81E6BF986F5} = {58F292DF-23C3-40BD-A86E-7CB25E45F059}
		{33BCC030-B1CF-4C5A-92EB-BB09DB75DC3D} = {1E05CF1D-1EF1-4BE0-B61D-E34611A0427F}
		{84D9D837-309A-4E7C-AEF8-6F925EC5461B} = {B65E0892-B36A-4D9B-AA5D-921C4D9C81D8}
		{26355E90-9D1B-411C-A272-E4E988D8A4F1} = {B3F80F89-B10E-4057-8F25-BDAAAFCAF4C0}
		{5049EC85-7794-47B2-B343-E4EFA39C05E8} = {1FD8BEB1-ECDC-41FA-A440-3539FA945EB5}
		{19FB242A-2FDC-458E-9CA8-853D86E25FCA} = {88D88A98-49B4-4E3A-87AD-F81E6BF986F5}
		{4BC470CD-F263-4A85-9843-F5B8B9D9EC8E} = {72860D21-DA96-41D8-B71A-16EEDD362E41}
		{AD8FA85B-3F69-4EA3-99BF-44F8DB70A67A} = {1FD8BEB1-ECDC-41FA-A440-3539FA945EB5}
		{DCBEE1AB-4167-4ABE-B556-3C6F51FC5D94} = {1D2E1A23-72F9-4AA7-A9DA-A05A6C1369A4}
		{7562A990-1964-4E77-88D6-69F0375644AF} = {15FE34F8-65DA-45D1-B8EE-F7ECC363081F}
		{31D5975A-84A7-4215-A302-B412D82D23DF} = {7562A990-1964-4E77-88D6-69F0375644AF}
	EndGlobalSection
	GlobalSection(ExtensibilityGlobals) = postSolution
		SolutionGuid = {40E7EB25-E339-4D9A-B62A-AF68944958CD}
	EndGlobalSection
EndGlobal
